
Microsoft Visual Studio Solution File, Format Version 12.00
# Visual Studio Version 16
VisualStudioVersion = 16.0.30114.105
MinimumVisualStudioVersion = 10.0.40219.1
Project("{FAE04EC0-301F-11D3-BF4B-00C04F79EFBC}") = "ProjectSchool.Application", "ProjectSchool.Application\ProjectSchool.Application.csproj", "{D3A1D058-F73A-4CD7-9766-707620CBABB3}"
EndProject
Project("{FAE04EC0-301F-11D3-BF4B-00C04F79EFBC}") = "ProjectSchool.Api", "ProjectSchool.Api\ProjectSchool.Api.csproj", "{8F587176-55D9-4D47-82DD-1BAAD715FC4A}"
EndProject
Project("{FAE04EC0-301F-11D3-BF4B-00C04F79EFBC}") = "ProjectSchool.Domain", "ProjectSchool.Domain\ProjectSchool.Domain.csproj", "{360A0CC6-0873-4F08-B390-A4E6FA1CB782}"
EndProject
Project("{FAE04EC0-301F-11D3-BF4B-00C04F79EFBC}") = "ProjectSchool.Persistence", "ProjectSchool.Persistence\ProjectSchool.Persistence.csproj", "{537EBB05-890F-47A4-A91F-29F8E32A16D8}"
EndProject
Project("{FAE04EC0-301F-11D3-BF4B-00C04F79EFBC}") = "ProjectSchool.Tests", "ProjectSchool.Tests\ProjectSchool.Tests.csproj", "{A1F48E89-D68E-4FA3-A195-177007C16A88}"
EndProject
Global
	GlobalSection(SolutionConfigurationPlatforms) = preSolution
		Debug|Any CPU = Debug|Any CPU
		Debug|x64 = Debug|x64
		Debug|x86 = Debug|x86
		Release|Any CPU = Release|Any CPU
		Release|x64 = Release|x64
		Release|x86 = Release|x86
	EndGlobalSection
	GlobalSection(SolutionProperties) = preSolution
		HideSolutionNode = FALSE
	EndGlobalSection
	GlobalSection(ProjectConfigurationPlatforms) = postSolution
		{D3A1D058-F73A-4CD7-9766-707620CBABB3}.Debug|Any CPU.ActiveCfg = Debug|Any CPU
		{D3A1D058-F73A-4CD7-9766-707620CBABB3}.Debug|Any CPU.Build.0 = Debug|Any CPU
		{D3A1D058-F73A-4CD7-9766-707620CBABB3}.Debug|x64.ActiveCfg = Debug|Any CPU
		{D3A1D058-F73A-4CD7-9766-707620CBABB3}.Debug|x64.Build.0 = Debug|Any CPU
		{D3A1D058-F73A-4CD7-9766-707620CBABB3}.Debug|x86.ActiveCfg = Debug|Any CPU
		{D3A1D058-F73A-4CD7-9766-707620CBABB3}.Debug|x86.Build.0 = Debug|Any CPU
		{D3A1D058-F73A-4CD7-9766-707620CBABB3}.Release|Any CPU.ActiveCfg = Release|Any CPU
		{D3A1D058-F73A-4CD7-9766-707620CBABB3}.Release|Any CPU.Build.0 = Release|Any CPU
		{D3A1D058-F73A-4CD7-9766-707620CBABB3}.Release|x64.ActiveCfg = Release|Any CPU
		{D3A1D058-F73A-4CD7-9766-707620CBABB3}.Release|x64.Build.0 = Release|Any CPU
		{D3A1D058-F73A-4CD7-9766-707620CBABB3}.Release|x86.ActiveCfg = Release|Any CPU
		{D3A1D058-F73A-4CD7-9766-707620CBABB3}.Release|x86.Build.0 = Release|Any CPU
		{8F587176-55D9-4D47-82DD-1BAAD715FC4A}.Debug|Any CPU.ActiveCfg = Debug|Any CPU
		{8F587176-55D9-4D47-82DD-1BAAD715FC4A}.Debug|Any CPU.Build.0 = Debug|Any CPU
		{8F587176-55D9-4D47-82DD-1BAAD715FC4A}.Debug|x64.ActiveCfg = Debug|Any CPU
		{8F587176-55D9-4D47-82DD-1BAAD715FC4A}.Debug|x64.Build.0 = Debug|Any CPU
		{8F587176-55D9-4D47-82DD-1BAAD715FC4A}.Debug|x86.ActiveCfg = Debug|Any CPU
		{8F587176-55D9-4D47-82DD-1BAAD715FC4A}.Debug|x86.Build.0 = Debug|Any CPU
		{8F587176-55D9-4D47-82DD-1BAAD715FC4A}.Release|Any CPU.ActiveCfg = Release|Any CPU
		{8F587176-55D9-4D47-82DD-1BAAD715FC4A}.Release|Any CPU.Build.0 = Release|Any CPU
		{8F587176-55D9-4D47-82DD-1BAAD715FC4A}.Release|x64.ActiveCfg = Release|Any CPU
		{8F587176-55D9-4D47-82DD-1BAAD715FC4A}.Release|x64.Build.0 = Release|Any CPU
		{8F587176-55D9-4D47-82DD-1BAAD715FC4A}.Release|x86.ActiveCfg = Release|Any CPU
		{8F587176-55D9-4D47-82DD-1BAAD715FC4A}.Release|x86.Build.0 = Release|Any CPU
		{360A0CC6-0873-4F08-B390-A4E6FA1CB782}.Debug|Any CPU.ActiveCfg = Debug|Any CPU
		{360A0CC6-0873-4F08-B390-A4E6FA1CB782}.Debug|Any CPU.Build.0 = Debug|Any CPU
		{360A0CC6-0873-4F08-B390-A4E6FA1CB782}.Debug|x64.ActiveCfg = Debug|Any CPU
		{360A0CC6-0873-4F08-B390-A4E6FA1CB782}.Debug|x64.Build.0 = Debug|Any CPU
		{360A0CC6-0873-4F08-B390-A4E6FA1CB782}.Debug|x86.ActiveCfg = Debug|Any CPU
		{360A0CC6-0873-4F08-B390-A4E6FA1CB782}.Debug|x86.Build.0 = Debug|Any CPU
		{360A0CC6-0873-4F08-B390-A4E6FA1CB782}.Release|Any CPU.ActiveCfg = Release|Any CPU
		{360A0CC6-0873-4F08-B390-A4E6FA1CB782}.Release|Any CPU.Build.0 = Release|Any CPU
		{360A0CC6-0873-4F08-B390-A4E6FA1CB782}.Release|x64.ActiveCfg = Release|Any CPU
		{360A0CC6-0873-4F08-B390-A4E6FA1CB782}.Release|x64.Build.0 = Release|Any CPU
		{360A0CC6-0873-4F08-B390-A4E6FA1CB782}.Release|x86.ActiveCfg = Release|Any CPU
		{360A0CC6-0873-4F08-B390-A4E6FA1CB782}.Release|x86.Build.0 = Release|Any CPU
		{537EBB05-890F-47A4-A91F-29F8E32A16D8}.Debug|Any CPU.ActiveCfg = Debug|Any CPU
		{537EBB05-890F-47A4-A91F-29F8E32A16D8}.Debug|Any CPU.Build.0 = Debug|Any CPU
		{537EBB05-890F-47A4-A91F-29F8E32A16D8}.Debug|x64.ActiveCfg = Debug|Any CPU
		{537EBB05-890F-47A4-A91F-29F8E32A16D8}.Debug|x64.Build.0 = Debug|Any CPU
		{537EBB05-890F-47A4-A91F-29F8E32A16D8}.Debug|x86.ActiveCfg = Debug|Any CPU
		{537EBB05-890F-47A4-A91F-29F8E32A16D8}.Debug|x86.Build.0 = Debug|Any CPU
		{537EBB05-890F-47A4-A91F-29F8E32A16D8}.Release|Any CPU.ActiveCfg = Release|Any CPU
		{537EBB05-890F-47A4-A91F-29F8E32A16D8}.Release|Any CPU.Build.0 = Release|Any CPU
		{537EBB05-890F-47A4-A91F-29F8E32A16D8}.Release|x64.ActiveCfg = Release|Any CPU
		{537EBB05-890F-47A4-A91F-29F8E32A16D8}.Release|x64.Build.0 = Release|Any CPU
		{537EBB05-890F-47A4-A91F-29F8E32A16D8}.Release|x86.ActiveCfg = Release|Any CPU
		{537EBB05-890F-47A4-A91F-29F8E32A16D8}.Release|x86.Build.0 = Release|Any CPU
		{A1F48E89-D68E-4FA3-A195-177007C16A88}.Debug|Any CPU.ActiveCfg = Debug|Any CPU
		{A1F48E89-D68E-4FA3-A195-177007C16A88}.Debug|Any CPU.Build.0 = Debug|Any CPU
		{A1F48E89-D68E-4FA3-A195-177007C16A88}.Debug|x64.ActiveCfg = Debug|Any CPU
		{A1F48E89-D68E-4FA3-A195-177007C16A88}.Debug|x64.Build.0 = Debug|Any CPU
		{A1F48E89-D68E-4FA3-A195-177007C16A88}.Debug|x86.ActiveCfg = Debug|Any CPU
		{A1F48E89-D68E-4FA3-A195-177007C16A88}.Debug|x86.Build.0 = Debug|Any CPU
		{A1F48E89-D68E-4FA3-A195-177007C16A88}.Release|Any CPU.ActiveCfg = Release|Any CPU
		{A1F48E89-D68E-4FA3-A195-177007C16A88}.Release|Any CPU.Build.0 = Release|Any CPU
		{A1F48E89-D68E-4FA3-A195-177007C16A88}.Release|x64.ActiveCfg = Release|Any CPU
		{A1F48E89-D68E-4FA3-A195-177007C16A88}.Release|x64.Build.0 = Release|Any CPU
		{A1F48E89-D68E-4FA3-A195-177007C16A88}.Release|x86.ActiveCfg = Release|Any CPU
		{A1F48E89-D68E-4FA3-A195-177007C16A88}.Release|x86.Build.0 = Release|Any CPU
	EndGlobalSection
EndGlobal
